// !$*UTF8*$!
{
	archiveVersion = 1;
	classes = {
	};
	objectVersion = 50;
	objects = {

/* Begin PBXBuildFile section */
		2615726822F460A60041651C /* AppDelegate.swift in Sources */ = {isa = PBXBuildFile; fileRef = 2615726722F460A60041651C /* AppDelegate.swift */; };
		2615726A22F460A60041651C /* ViewController.swift in Sources */ = {isa = PBXBuildFile; fileRef = 2615726922F460A60041651C /* ViewController.swift */; };
		2615726D22F460A60041651C /* Main.storyboard in Resources */ = {isa = PBXBuildFile; fileRef = 2615726B22F460A60041651C /* Main.storyboard */; };
		2615727022F460A60041651C /* RoomyAppSwiftyCamp.xcdatamodeld in Sources */ = {isa = PBXBuildFile; fileRef = 2615726E22F460A60041651C /* RoomyAppSwiftyCamp.xcdatamodeld */; };
		2615727522F460A90041651C /* LaunchScreen.storyboard in Resources */ = {isa = PBXBuildFile; fileRef = 2615727322F460A90041651C /* LaunchScreen.storyboard */; };
		2615727D22F461900041651C /* Assets.xcassets in Resources */ = {isa = PBXBuildFile; fileRef = 2615727C22F461900041651C /* Assets.xcassets */; };
		2BFEC8A70E435E4BEE0A0004 /* Pods_RoomyAppSwiftyCamp.framework in Frameworks */ = {isa = PBXBuildFile; fileRef = 2B5E84D324A35E9DF60AEFCD /* Pods_RoomyAppSwiftyCamp.framework */; };
/* End PBXBuildFile section */

/* Begin PBXFileReference section */
		2615726422F460A60041651C /* RoomyAppSwiftyCamp.app */ = {isa = PBXFileReference; explicitFileType = wrapper.application; includeInIndex = 0; path = RoomyAppSwiftyCamp.app; sourceTree = BUILT_PRODUCTS_DIR; };
		2615726722F460A60041651C /* AppDelegate.swift */ = {isa = PBXFileReference; lastKnownFileType = sourcecode.swift; path = AppDelegate.swift; sourceTree = "<group>"; };
		2615726922F460A60041651C /* ViewController.swift */ = {isa = PBXFileReference; lastKnownFileType = sourcecode.swift; path = ViewController.swift; sourceTree = "<group>"; };
		2615726C22F460A60041651C /* Base */ = {isa = PBXFileReference; lastKnownFileType = file.storyboard; name = Base; path = Base.lproj/Main.storyboard; sourceTree = "<group>"; };
		2615726F22F460A60041651C /* RoomyAppSwiftyCamp.xcdatamodel */ = {isa = PBXFileReference; lastKnownFileType = wrapper.xcdatamodel; path = RoomyAppSwiftyCamp.xcdatamodel; sourceTree = "<group>"; };
		2615727422F460A90041651C /* Base */ = {isa = PBXFileReference; lastKnownFileType = file.storyboard; name = Base; path = Base.lproj/LaunchScreen.storyboard; sourceTree = "<group>"; };
		2615727622F460A90041651C /* Info.plist */ = {isa = PBXFileReference; lastKnownFileType = text.plist.xml; path = Info.plist; sourceTree = "<group>"; };
		2615727C22F461900041651C /* Assets.xcassets */ = {isa = PBXFileReference; lastKnownFileType = folder.assetcatalog; path = Assets.xcassets; sourceTree = "<group>"; };
		2B5E84D324A35E9DF60AEFCD /* Pods_RoomyAppSwiftyCamp.framework */ = {isa = PBXFileReference; explicitFileType = wrapper.framework; includeInIndex = 0; path = Pods_RoomyAppSwiftyCamp.framework; sourceTree = BUILT_PRODUCTS_DIR; };
		928461DCD71373016D25A766 /* Pods-RoomyAppSwiftyCamp.release.xcconfig */ = {isa = PBXFileReference; includeInIndex = 1; lastKnownFileType = text.xcconfig; name = "Pods-RoomyAppSwiftyCamp.release.xcconfig"; path = "Target Support Files/Pods-RoomyAppSwiftyCamp/Pods-RoomyAppSwiftyCamp.release.xcconfig"; sourceTree = "<group>"; };
		A407CF975F2CCE0036AB253E /* Pods-RoomyAppSwiftyCamp.debug.xcconfig */ = {isa = PBXFileReference; includeInIndex = 1; lastKnownFileType = text.xcconfig; name = "Pods-RoomyAppSwiftyCamp.debug.xcconfig"; path = "Target Support Files/Pods-RoomyAppSwiftyCamp/Pods-RoomyAppSwiftyCamp.debug.xcconfig"; sourceTree = "<group>"; };
/* End PBXFileReference section */

/* Begin PBXFrameworksBuildPhase section */
		2615726122F460A60041651C /* Frameworks */ = {
			isa = PBXFrameworksBuildPhase;
			buildActionMask = 2147483647;
			files = (
				2BFEC8A70E435E4BEE0A0004 /* Pods_RoomyAppSwiftyCamp.framework in Frameworks */,
			);
			runOnlyForDeploymentPostprocessing = 0;
		};
/* End PBXFrameworksBuildPhase section */

/* Begin PBXGroup section */
		0F114341158B851CC0B99711 /* Pods */ = {
			isa = PBXGroup;
			children = (
				A407CF975F2CCE0036AB253E /* Pods-RoomyAppSwiftyCamp.debug.xcconfig */,
				928461DCD71373016D25A766 /* Pods-RoomyAppSwiftyCamp.release.xcconfig */,
			);
			name = Pods;
			path = Pods;
			sourceTree = "<group>";
		};
		2615725B22F460A60041651C = {
			isa = PBXGroup;
			children = (
				2615726622F460A60041651C /* RoomyAppSwiftyCamp */,
				2615726522F460A60041651C /* Products */,
				0F114341158B851CC0B99711 /* Pods */,
				691504DBA22C84FE61BA5D31 /* Frameworks */,
			);
			sourceTree = "<group>";
		};
		2615726522F460A60041651C /* Products */ = {
			isa = PBXGroup;
			children = (
				2615726422F460A60041651C /* RoomyAppSwiftyCamp.app */,
			);
			name = Products;
			sourceTree = "<group>";
		};
		2615726622F460A60041651C /* RoomyAppSwiftyCamp */ = {
			isa = PBXGroup;
			children = (
				2615726722F460A60041651C /* AppDelegate.swift */,
				2615726922F460A60041651C /* ViewController.swift */,
				2615726B22F460A60041651C /* Main.storyboard */,
				2615727322F460A90041651C /* LaunchScreen.storyboard */,
				2615727C22F461900041651C /* Assets.xcassets */,
				2615727622F460A90041651C /* Info.plist */,
				2615726E22F460A60041651C /* RoomyAppSwiftyCamp.xcdatamodeld */,
			);
			path = RoomyAppSwiftyCamp;
			sourceTree = "<group>";
		};
		691504DBA22C84FE61BA5D31 /* Frameworks */ = {
			isa = PBXGroup;
			children = (
				2B5E84D324A35E9DF60AEFCD /* Pods_RoomyAppSwiftyCamp.framework */,
			);
			name = Frameworks;
			sourceTree = "<group>";
		};
/* End PBXGroup section */

/* Begin PBXNativeTarget section */
		2615726322F460A60041651C /* RoomyAppSwiftyCamp */ = {
			isa = PBXNativeTarget;
			buildConfigurationList = 2615727922F460A90041651C /* Build configuration list for PBXNativeTarget "RoomyAppSwiftyCamp" */;
			buildPhases = (
				9BDE4B105DD75DDCA8598FF3 /* [CP] Check Pods Manifest.lock */,
				2615726022F460A60041651C /* Sources */,
				2615726122F460A60041651C /* Frameworks */,
				2615726222F460A60041651C /* Resources */,
				97115C9C8533DB2DEF239868 /* [CP] Embed Pods Frameworks */,
			);
			buildRules = (
			);
			dependencies = (
			);
			name = RoomyAppSwiftyCamp;
			productName = RoomyAppSwiftyCamp;
			productReference = 2615726422F460A60041651C /* RoomyAppSwiftyCamp.app */;
			productType = "com.apple.product-type.application";
		};
/* End PBXNativeTarget section */

/* Begin PBXProject section */
		2615725C22F460A60041651C /* Project object */ = {
			isa = PBXProject;
			attributes = {
				LastSwiftUpdateCheck = 1010;
				LastUpgradeCheck = 1010;
				ORGANIZATIONNAME = "Be Solutions - Maged Mohammed";
				TargetAttributes = {
					2615726322F460A60041651C = {
						CreatedOnToolsVersion = 10.1;
					};
				};
			};
			buildConfigurationList = 2615725F22F460A60041651C /* Build configuration list for PBXProject "RoomyAppSwiftyCamp" */;
			compatibilityVersion = "Xcode 9.3";
			developmentRegion = en;
			hasScannedForEncodings = 0;
			knownRegions = (
				en,
				Base,
			);
			mainGroup = 2615725B22F460A60041651C;
			productRefGroup = 2615726522F460A60041651C /* Products */;
			projectDirPath = "";
			projectRoot = "";
			targets = (
				2615726322F460A60041651C /* RoomyAppSwiftyCamp */,
			);
		};
/* End PBXProject section */

/* Begin PBXResourcesBuildPhase section */
		2615726222F460A60041651C /* Resources */ = {
			isa = PBXResourcesBuildPhase;
			buildActionMask = 2147483647;
			files = (
				2615727522F460A90041651C /* LaunchScreen.storyboard in Resources */,
				2615727D22F461900041651C /* Assets.xcassets in Resources */,
				2615726D22F460A60041651C /* Main.storyboard in Resources */,
			);
			runOnlyForDeploymentPostprocessing = 0;
		};
/* End PBXResourcesBuildPhase section */

/* Begin PBXShellScriptBuildPhase section */
		97115C9C8533DB2DEF239868 /* [CP] Embed Pods Frameworks */ = {
			isa = PBXShellScriptBuildPhase;
			buildActionMask = 2147483647;
			files = (
			);
			inputFileListPaths = (
				"${PODS_ROOT}/Target Support Files/Pods-RoomyAppSwiftyCamp/Pods-RoomyAppSwiftyCamp-frameworks-${CONFIGURATION}-input-files.xcfilelist",
			);
			name = "[CP] Embed Pods Frameworks";
			outputFileListPaths = (
				"${PODS_ROOT}/Target Support Files/Pods-RoomyAppSwiftyCamp/Pods-RoomyAppSwiftyCamp-frameworks-${CONFIGURATION}-output-files.xcfilelist",
			);
			runOnlyForDeploymentPostprocessing = 0;
			shellPath = /bin/sh;
			shellScript = "\"${PODS_ROOT}/Target Support Files/Pods-RoomyAppSwiftyCamp/Pods-RoomyAppSwiftyCamp-frameworks.sh\"\n";
			showEnvVarsInLog = 0;
		};
		9BDE4B105DD75DDCA8598FF3 /* [CP] Check Pods Manifest.lock */ = {
			isa = PBXShellScriptBuildPhase;
			buildActionMask = 2147483647;
			files = (
			);
			inputFileListPaths = (
			);
			inputPaths = (
				"${PODS_PODFILE_DIR_PATH}/Podfile.lock",
				"${PODS_ROOT}/Manifest.lock",
			);
			name = "[CP] Check Pods Manifest.lock";
			outputFileListPaths = (
			);
			outputPaths = (
				"$(DERIVED_FILE_DIR)/Pods-RoomyAppSwiftyCamp-checkManifestLockResult.txt",
			);
			runOnlyForDeploymentPostprocessing = 0;
			shellPath = /bin/sh;
			shellScript = "diff \"${PODS_PODFILE_DIR_PATH}/Podfile.lock\" \"${PODS_ROOT}/Manifest.lock\" > /dev/null\nif [ $? != 0 ] ; then\n    # print error to STDERR\n    echo \"error: The sandbox is not in sync with the Podfile.lock. Run 'pod install' or update your CocoaPods installation.\" >&2\n    exit 1\nfi\n# This output is used by Xcode 'outputs' to avoid re-running this script phase.\necho \"SUCCESS\" > \"${SCRIPT_OUTPUT_FILE_0}\"\n";
			showEnvVarsInLog = 0;
		};
/* End PBXShellScriptBuildPhase section */

/* Begin PBXSourcesBuildPhase section */
		2615726022F460A60041651C /* Sources */ = {
			isa = PBXSourcesBuildPhase;
			buildActionMask = 2147483647;
			files = (
				2615726A22F460A60041651C /* ViewController.swift in Sources */,
				2615726822F460A60041651C /* AppDelegate.swift in Sources */,
				2615727022F460A60041651C /* RoomyAppSwiftyCamp.xcdatamodeld in Sources */,
			);
			runOnlyForDeploymentPostprocessing = 0;
		};
/* End PBXSourcesBuildPhase section */

/* Begin PBXVariantGroup section */
		2615726B22F460A60041651C /* Main.storyboard */ = {
			isa = PBXVariantGroup;
			children = (
				2615726C22F460A60041651C /* Base */,
			);
			name = Main.storyboard;
			sourceTree = "<group>";
		};
		2615727322F460A90041651C /* LaunchScreen.storyboard */ = {
			isa = PBXVariantGroup;
			children = (
				2615727422F460A90041651C /* Base */,
			);
			name = LaunchScreen.storyboard;
			sourceTree = "<group>";
		};
/* End PBXVariantGroup section */

/* Begin XCBuildConfiguration section */
		2615727722F460A90041651C /* Debug */ = {
			isa = XCBuildConfiguration;
			buildSettings = {
				ALWAYS_SEARCH_USER_PATHS = NO;
				CLANG_ANALYZER_NONNULL = YES;
				CLANG_ANALYZER_NUMBER_OBJECT_CONVERSION = YES_AGGRESSIVE;
				CLANG_CXX_LANGUAGE_STANDARD = "gnu++14";
				CLANG_CXX_LIBRARY = "libc++";
				CLANG_ENABLE_MODULES = YES;
				CLANG_ENABLE_OBJC_ARC = YES;
				CLANG_ENABLE_OBJC_WEAK = YES;
				CLANG_WARN_BLOCK_CAPTURE_AUTORELEASING = YES;
				CLANG_WARN_BOOL_CONVERSION = YES;
				CLANG_WARN_COMMA = YES;
				CLANG_WARN_CONSTANT_CONVERSION = YES;
				CLANG_WARN_DEPRECATED_OBJC_IMPLEMENTATIONS = YES;
				CLANG_WARN_DIRECT_OBJC_ISA_USAGE = YES_ERROR;
				CLANG_WARN_DOCUMENTATION_COMMENTS = YES;
				CLANG_WARN_EMPTY_BODY = YES;
				CLANG_WARN_ENUM_CONVERSION = YES;
				CLANG_WARN_INFINITE_RECURSION = YES;
				CLANG_WARN_INT_CONVERSION = YES;
				CLANG_WARN_NON_LITERAL_NULL_CONVERSION = YES;
				CLANG_WARN_OBJC_IMPLICIT_RETAIN_SELF = YES;
				CLANG_WARN_OBJC_LITERAL_CONVERSION = YES;
				CLANG_WARN_OBJC_ROOT_CLASS = YES_ERROR;
				CLANG_WARN_RANGE_LOOP_ANALYSIS = YES;
				CLANG_WARN_STRICT_PROTOTYPES = YES;
				CLANG_WARN_SUSPICIOUS_MOVE = YES;
				CLANG_WARN_UNGUARDED_AVAILABILITY = YES_AGGRESSIVE;
				CLANG_WARN_UNREACHABLE_CODE = YES;
				CLANG_WARN__DUPLICATE_METHOD_MATCH = YES;
				CODE_SIGN_IDENTITY = "iPhone Developer";
				COPY_PHASE_STRIP = NO;
				DEBUG_INFORMATION_FORMAT = dwarf;
				ENABLE_STRICT_OBJC_MSGSEND = YES;
				ENABLE_TESTABILITY = YES;
				GCC_C_LANGUAGE_STANDARD = gnu11;
				GCC_DYNAMIC_NO_PIC = NO;
				GCC_NO_COMMON_BLOCKS = YES;
				GCC_OPTIMIZATION_LEVEL = 0;
				GCC_PREPROCESSOR_DEFINITIONS = (
					"DEBUG=1",
					"$(inherited)",
				);
				GCC_WARN_64_TO_32_BIT_CONVERSION = YES;
				GCC_WARN_ABOUT_RETURN_TYPE = YES_ERROR;
				GCC_WARN_UNDECLARED_SELECTOR = YES;
				GCC_WARN_UNINITIALIZED_AUTOS = YES_AGGRESSIVE;
				GCC_WARN_UNUSED_FUNCTION = YES;
				GCC_WARN_UNUSED_VARIABLE = YES;
				IPHONEOS_DEPLOYMENT_TARGET = 12.1;
				MTL_ENABLE_DEBUG_INFO = INCLUDE_SOURCE;
				MTL_FAST_MATH = YES;
				ONLY_ACTIVE_ARCH = YES;
				SDKROOT = iphoneos;
				SWIFT_ACTIVE_COMPILATION_CONDITIONS = DEBUG;
				SWIFT_OPTIMIZATION_LEVEL = "-Onone";
			};
			name = Debug;
		};
		2615727822F460A90041651C /* Release */ = {
			isa = XCBuildConfiguration;
			buildSettings = {
				ALWAYS_SEARCH_USER_PATHS = NO;
				CLANG_ANALYZER_NONNULL = YES;
				CLANG_ANALYZER_NUMBER_OBJECT_CONVERSION = YES_AGGRESSIVE;
				CLANG_CXX_LANGUAGE_STANDARD = "gnu++14";
				CLANG_CXX_LIBRARY = "libc++";
				CLANG_ENABLE_MODULES = YES;
				CLANG_ENABLE_OBJC_ARC = YES;
				CLANG_ENABLE_OBJC_WEAK = YES;
				CLANG_WARN_BLOCK_CAPTURE_AUTORELEASING = YES;
				CLANG_WARN_BOOL_CONVERSION = YES;
				CLANG_WARN_COMMA = YES;
				CLANG_WARN_CONSTANT_CONVERSION = YES;
				CLANG_WARN_DEPRECATED_OBJC_IMPLEMENTATIONS = YES;
				CLANG_WARN_DIRECT_OBJC_ISA_USAGE = YES_ERROR;
				CLANG_WARN_DOCUMENTATION_COMMENTS = YES;
				CLANG_WARN_EMPTY_BODY = YES;
				CLANG_WARN_ENUM_CONVERSION = YES;
				CLANG_WARN_INFINITE_RECURSION = YES;
				CLANG_WARN_INT_CONVERSION = YES;
				CLANG_WARN_NON_LITERAL_NULL_CONVERSION = YES;
				CLANG_WARN_OBJC_IMPLICIT_RETAIN_SELF = YES;
				CLANG_WARN_OBJC_LITERAL_CONVERSION = YES;
				CLANG_WARN_OBJC_ROOT_CLASS = YES_ERROR;
				CLANG_WARN_RANGE_LOOP_ANALYSIS = YES;
				CLANG_WARN_STRICT_PROTOTYPES = YES;
				CLANG_WARN_SUSPICIOUS_MOVE = YES;
				CLANG_WARN_UNGUARDED_AVAILABILITY = YES_AGGRESSIVE;
				CLANG_WARN_UNREACHABLE_CODE = YES;
				CLANG_WARN__DUPLICATE_METHOD_MATCH = YES;
				CODE_SIGN_IDENTITY = "iPhone Developer";
				COPY_PHASE_STRIP = NO;
				DEBUG_INFORMATION_FORMAT = "dwarf-with-dsym";
				ENABLE_NS_ASSERTIONS = NO;
				ENABLE_STRICT_OBJC_MSGSEND = YES;
				GCC_C_LANGUAGE_STANDARD = gnu11;
				GCC_NO_COMMON_BLOCKS = YES;
				GCC_WARN_64_TO_32_BIT_CONVERSION = YES;
				GCC_WARN_ABOUT_RETURN_TYPE = YES_ERROR;
				GCC_WARN_UNDECLARED_SELECTOR = YES;
				GCC_WARN_UNINITIALIZED_AUTOS = YES_AGGRESSIVE;
				GCC_WARN_UNUSED_FUNCTION = YES;
				GCC_WARN_UNUSED_VARIABLE = YES;
				IPHONEOS_DEPLOYMENT_TARGET = 12.1;
				MTL_ENABLE_DEBUG_INFO = NO;
				MTL_FAST_MATH = YES;
				SDKROOT = iphoneos;
				SWIFT_COMPILATION_MODE = wholemodule;
				SWIFT_OPTIMIZATION_LEVEL = "-O";
				VALIDATE_PRODUCT = YES;
			};
			name = Release;
		};
		2615727A22F460A90041651C /* Debug */ = {
			isa = XCBuildConfiguration;
			baseConfigurationReference = A407CF975F2CCE0036AB253E /* Pods-RoomyAppSwiftyCamp.debug.xcconfig */;
			buildSettings = {
				ASSETCATALOG_COMPILER_APPICON_NAME = AppIcon;
				CODE_SIGN_STYLE = Automatic;
				DEVELOPMENT_TEAM = M6C965M7LU;
				INFOPLIST_FILE = RoomyAppSwiftyCamp/Info.plist;
				LD_RUNPATH_SEARCH_PATHS = (
					"$(inherited)",
					"@executable_path/Frameworks",
				);
				PRODUCT_BUNDLE_IDENTIFIER = com.Be.Solutions.RoomyAppSwiftyCamp;
				PRODUCT_NAME = "$(TARGET_NAME)";
				SWIFT_VERSION = 4.2;
				TARGETED_DEVICE_FAMILY = "1,2";
			};
			name = Debug;
		};
		2615727B22F460A90041651C /* Release */ = {
			isa = XCBuildConfiguration;
			baseConfigurationReference = 928461DCD71373016D25A766 /* Pods-RoomyAppSwiftyCamp.release.xcconfig */;
			buildSettings = {
				ASSETCATALOG_COMPILER_APPICON_NAME = AppIcon;
				CODE_SIGN_STYLE = Automatic;
				DEVELOPMENT_TEAM = M6C965M7LU;
				INFOPLIST_FILE = RoomyAppSwiftyCamp/Info.plist;
				LD_RUNPATH_SEARCH_PATHS = (
					"$(inherited)",
					"@executable_path/Frameworks",
				);
				PRODUCT_BUNDLE_IDENTIFIER = com.Be.Solutions.RoomyAppSwiftyCamp;
				PRODUCT_NAME = "$(TARGET_NAME)";
				SWIFT_VERSION = 4.2;
				TARGETED_DEVICE_FAMILY = "1,2";
			};
			name = Release;
		};
/* End XCBuildConfiguration section */

/* Begin XCConfigurationList section */
		2615725F22F460A60041651C /* Build configuration list for PBXProject "RoomyAppSwiftyCamp" */ = {
			isa = XCConfigurationList;
			buildConfigurations = (
				2615727722F460A90041651C /* Debug */,
				2615727822F460A90041651C /* Release */,
			);
			defaultConfigurationIsVisible = 0;
			defaultConfigurationName = Release;
		};
		2615727922F460A90041651C /* Build configuration list for PBXNativeTarget "RoomyAppSwiftyCamp" */ = {
			isa = XCConfigurationList;
			buildConfigurations = (
				2615727A22F460A90041651C /* Debug */,
				2615727B22F460A90041651C /* Release */,
			);
			defaultConfigurationIsVisible = 0;
			defaultConfigurationName = Release;
		};
/* End XCConfigurationList section */

/* Begin XCVersionGroup section */
		2615726E22F460A60041651C /* RoomyAppSwiftyCamp.xcdatamodeld */ = {
			isa = XCVersionGroup;
			children = (
				2615726F22F460A60041651C /* RoomyAppSwiftyCamp.xcdatamodel */,
			);
			currentVersion = 2615726F22F460A60041651C /* RoomyAppSwiftyCamp.xcdatamodel */;
			path = RoomyAppSwiftyCamp.xcdatamodeld;
			sourceTree = "<group>";
			versionGroupType = wrapper.xcdatamodel;
		};
/* End XCVersionGroup section */
	};
	rootObject = 2615725C22F460A60041651C /* Project object */;
}
